
Microsoft Visual Studio Solution File, Format Version 12.00
# Visual Studio Version 17
VisualStudioVersion = 17.4.33122.133
MinimumVisualStudioVersion = 10.0.40219.1
Project("{FAE04EC0-301F-11D3-BF4B-00C04F79EFBC}") = "Database Project - Milestone 3", "Database Project - Milestone 3\Database Project - Milestone 3.csproj", "{91A3C6D0-D7C5-45A7-A217-962517BEEEAE}"
EndProject
Global
	GlobalSection(SolutionConfigurationPlatforms) = preSolution
		Debug|Any CPU = Debug|Any CPU
		Release|Any CPU = Release|Any CPU
	EndGlobalSection
	GlobalSection(ProjectConfigurationPlatforms) = postSolution
		{91A3C6D0-D7C5-45A7-A217-962517BEEEAE}.Debug|Any CPU.ActiveCfg = Debug|Any CPU
		{91A3C6D0-D7C5-45A7-A217-962517BEEEAE}.Debug|Any CPU.Build.0 = Debug|Any CPU
		{91A3C6D0-D7C5-45A7-A217-962517BEEEAE}.Release|Any CPU.ActiveCfg = Release|Any CPU
		{91A3C6D0-D7C5-45A7-A217-962517BEEEAE}.Release|Any CPU.Build.0 = Release|Any CPU
	EndGlobalSection
	GlobalSection(SolutionProperties) = preSolution
		HideSolutionNode = FALSE
	EndGlobalSection
	GlobalSection(ExtensibilityGlobals) = postSolution
		SolutionGuid = {20E73F96-48FD-48D4-860C-FF7AB4EF7BE8}
	EndGlobalSection
EndGlobal
